{
    "_meta": {
        "hash": {
            "sha256": "7dd80296ee755abfb1dc29f45387dea6dbc3ae1f63a4ab29821d9fa52e96ad52"
        },
        "pipfile-spec": 6,
        "requires": {},
        "sources": [
            {
                "name": "pypi",
                "url": "https://pypi.python.org/simple",
                "verify_ssl": true
            }
        ]
    },
    "default": {
        "certifi": {
            "hashes": [
                "sha256:e4f3620cfea4f83eedc95b24abd9cd56f3c4b146dd0177e83a21b4eb49e21e50",
                "sha256:fd7c7c74727ddcf00e9acd26bba8da604ffec95bf1c2144e67aff7a8b50e6cef"
            ],
            "version": "==2019.9.11"
        },
        "chardet": {
            "hashes": [
                "sha256:84ab92ed1c4d4f16916e05906b6b75a6c0fb5db821cc65e70cbd64a3e2a5eaae",
                "sha256:fc323ffcaeaed0e0a02bf4d117757b98aed530d9ed4531e3e15460124c106691"
            ],
            "version": "==3.0.4"
        },
        "click": {
            "hashes": [
                "sha256:29f99fc6125fbc931b758dc053b3114e55c77a6e4c6c3a2674a2dc986016381d",
                "sha256:f15516df478d5a56180fbf80e68f206010e6d160fc39fa508b65e035fd75130b"
            ],
            "index": "pypi",
            "version": "==6.7"
        },
        "idna": {
            "hashes": [
                "sha256:2c6a5de3089009e3da7c5dde64a141dbc8551d5b7f6cf4ed7c2568d0cc520a8f",
                "sha256:8c7309c718f94b3a625cb648ace320157ad16ff131ae0af362c9f21b80ef6ec4"
            ],
            "version": "==2.6"
        },
        "pendulum": {
            "hashes": [
                "sha256:395bfe54a737ec6a4a95e5850753dddefe52bd54461de896afc4ce2ac91d4b78",
                "sha256:3f9f1927582fc2b850a07163ecac86da89e5a26ddf86ef4b41ac502bb3f17428",
                "sha256:68c193cb63ac065f403f1be7ce8c89bf30f08adeb263a733435e69e30b86faf9",
                "sha256:70ba2cf4c9acee0e6b0d9d32f21b0d8a5d12b9d759c7e289982c775159027897",
                "sha256:a6138aab0e7a983ca40e5349735ca86a72e710e5c74bc3ebb03d3ade83df6a89",
                "sha256:b05cabedbd434f0848981ac5bf405ed03d6586be64185c50ac94cb1bc3398a85",
                "sha256:bea008b210f8b4ed7a62315a76e7e4d721f572b183d470486f4cf995a690be3f",
                "sha256:ccfad31f7f2c8eabe0a791f196b27119ce53bc2c6d0cc73230413bc25ea057df",
                "sha256:d1fdc005c6513ad85141c6f30a719b79bf2a85599ab0b8b40955bf8f103c9c33",
                "sha256:de327b5b1567dc19ddb0b8b0e2c50170b61d743e2d3c9b5884f458b7a81ac137"
            ],
            "index": "pypi",
            "version": "==1.5.0"
        },
        "python-dateutil": {
            "hashes": [
                "sha256:7e6584c74aeed623791615e26efd690f29817a27c73085b78e4bad02493df2fb",
                "sha256:c89805f6f4d64db21ed966fda138f8a5ed7a4fdbc1a8ee329ce1b74e3c74da9e"
            ],
            "version": "==2.8.0"
        },
        "pytz": {
            "hashes": [
                "sha256:1c557d7d0e871de1f5ccd5833f60fb2550652da6be2693c1e02300743d21500d",
                "sha256:b02c06db6cf09c12dd25137e563b31700d3b80fcc4ad23abb7a315f2789819be"
            ],
            "version": "==2019.3"
        },
        "pytzdata": {
            "hashes": [
                "sha256:84c52b9a47d097fcd483f047a544979de6c3a86e94c845e3569e9f8acd0fa071",
                "sha256:fac06f7cdfa903188dc4848c655e4adaee67ee0f2fe08e7daf815cf2a761ee5e"
            ],
            "version": "==2019.3"
        },
        "requests": {
            "hashes": [
                "sha256:6a1b267aa90cac58ac3a765d067950e7dbbf75b1da07e895d1f594193a40a38b",
                "sha256:9c443e7324ba5b85070c4a818ade28bfabedf16ea10206da1132edaa6dda237e"
            ],
            "index": "pypi",
            "version": "==2.18.4"
        },
        "simplejson": {
            "hashes": [
                "sha256:0f48968bb3e3162adcc50282b7e70225f307b935207bccafeaf565d5129b60eb",
                "sha256:1d9df576bf7e06bb443bdd00164184e71320c6351b9b60a5d8aa650e143fdf90",
                "sha256:1ebbd84c2d7512f7ba65df0b9cc3cbc1bbd6ef9eab39fc9389dfe7e3681f7bd2",
                "sha256:22ce1ea88e925ea5bd8a8b76fe2228d5fbb0f63e52530c8d102f7130a7dc0677",
                "sha256:2611177b8f0d68e5bafdc0728912ccbb53822191bce9c4161165cdd497e01815",
                "sha256:3cc94bd19c7cc01e95e40bfb128cbac61a631b0b6f944832461b099994716251",
                "sha256:73d0e1ae19503a6721fb9000e074376e956a52a53c6e9f2b10df2e103ff8fc7e",
                "sha256:8f3d9d2ac328afa6a057a8a698436cc2d7418336fe3c645a4d64aa8d0d44b9a6",
                "sha256:a79b11548d8c295902d32cf4a4a029082bc08bae6b95787d4028aac4da9e4af2",
                "sha256:da52ab7a61f56be2f5dc7f8a209ce07b0ae578a0362ce5ea4609722fcaa1ba46",
                "sha256:eee2a7f25e32b1307477bc3d6df416e76fc37727899e27d80191ec611a322565",
                "sha256:fb81d95c504273259e52c7d7e78f7e0e4765571127058b2aef03446da3408e80"
            ],
            "index": "pypi",
            "version": "==3.14.0"
        },
        "six": {
            "hashes": [
                "sha256:3350809f0555b11f552448330d0b52d5f24c91a322ea4a15ef22629740f3761c",
                "sha256:d16a0141ec1a18405cd4ce8b4613101da75da0e9a7aec5bdd4fa804d0e0eba73"
            ],
            "version": "==1.12.0"
        },
        "tzlocal": {
            "hashes": [
                "sha256:4ebeb848845ac898da6519b9b31879cf13b6626f7184c496037b818e238f2c4e"
            ],
            "version": "==1.5.1"
        },
        "urllib3": {
            "hashes": [
                "sha256:06330f386d6e4b195fbfc736b297f58c5a892e4440e54d294d7004e3a9bbea1b",
                "sha256:cc44da8e1145637334317feebd728bd869a35285b93cbb4cca2577da7e62db4f"
            ],
            "version": "==1.22"
        },
        "websockets": {
            "hashes": [
                "sha256:1d8ce82e5a0c7947b204d0b1abe0f66bc247dc5c605aa5a339df7d91012356e5",
                "sha256:2de152acdcffd37e05042ff285f8ef25046c005927d3ea78606ed99524135545",
                "sha256:4ea90a598b546233a4c61bef98db4171ac30f1302826729af30001ac1f471098",
                "sha256:58f891a21d430b837d61686f50d52efebd415164f9626d10b2000e50ab097439",
                "sha256:8ae1b897c61f8e4306c9a18c5c4ecb695738bd4824f330cc7aa45caa95d971d8",
                "sha256:9242d6df28fe4c3768c4c6f5b6b6acdfaf1cbc272140c40c0b1c755dc5a5a7bc",
                "sha256:a21861e60d336d21c6f99958b14b26e977a81eaf8abd5a478e8ee9d091a6cac1",
                "sha256:ac76ccd2a5e36c4e980d00042d217635f0f92ef1574d8ca13e81a22add3f801d",
                "sha256:b05205ecdf809fd3c20d597912e9a184d382fcff31c81d86499e5c78aa412346",
                "sha256:d069ce1bc3af02ad35ee6aef6f82c4b0ce64ea5e3f9585935830cce5c74340bf",
                "sha256:d71d1e24deceb18ccea605adef388d9a452b719e09320698e64b522df9029532",
                "sha256:da93fe3b9ebbd0425539c818eaf73ac55301a3449eaa9349029b39098216dac3",
                "sha256:e0f4f59900820cc97d17cc0e7d6e0fc9c0d4a65e906d4e2c09217f89a34f1d71",
                "sha256:e8d9823a0eb52b5a2cc39b44c13bf99644f006778459da1d0175bc5e92fd8112",
                "sha256:ed77c1a7779ff4060920470dc303c9dcba88f22ef769e46868e9bb9ea537ce26",
                "sha256:fe8c6e72c2eaf4d03b9e0d33d7f9f14b9a84f47252b1d4670b798ade572ea360"
            ],
            "index": "pypi",
            "version": "==5.0"
        }
    },
    "develop": {
        "attrs": {
            "hashes": [
                "sha256:08a96c641c3a74e44eb59afb61a24f2cb9f4d7188748e76ba4bb5edfa3cb7d1c",
                "sha256:f7b7ce16570fe9965acd6d30101a28f62fb4a7f9e926b3bbc9b61f8b04247e72"
            ],
            "version": "==19.3.0"
        },
        "backcall": {
            "hashes": [
                "sha256:38ecd85be2c1e78f77fd91700c76e14667dc21e2713b63876c0eb901196e01e4",
                "sha256:bbbf4b1e5cd2bdb08f915895b51081c041bac22394fdfcfdfbe9f14b77c08bf2"
            ],
            "version": "==0.1.0"
        },
        "certifi": {
            "hashes": [
                "sha256:e4f3620cfea4f83eedc95b24abd9cd56f3c4b146dd0177e83a21b4eb49e21e50",
                "sha256:fd7c7c74727ddcf00e9acd26bba8da604ffec95bf1c2144e67aff7a8b50e6cef"
            ],
            "version": "==2019.9.11"
        },
        "chardet": {
            "hashes": [
                "sha256:84ab92ed1c4d4f16916e05906b6b75a6c0fb5db821cc65e70cbd64a3e2a5eaae",
                "sha256:fc323ffcaeaed0e0a02bf4d117757b98aed530d9ed4531e3e15460124c106691"
            ],
            "version": "==3.0.4"
        },
        "cookies": {
            "hashes": [
                "sha256:15bee753002dff684987b8df8c235288eb8d45f8191ae056254812dfd42c81d3",
                "sha256:d6b698788cae4cfa4e62ef8643a9ca332b79bd96cb314294b864ae8d7eb3ee8e"
            ],
            "version": "==2.2.1"
        },
        "decorator": {
            "hashes": [
                "sha256:86156361c50488b84a3f148056ea716ca587df2f0de1d34750d35c21312725de",
                "sha256:f069f3a01830ca754ba5258fde2278454a0b5b79e0d7f5c13b3b97e57d4acff6"
            ],
            "version": "==4.4.0"
        },
        "idna": {
            "hashes": [
                "sha256:2c6a5de3089009e3da7c5dde64a141dbc8551d5b7f6cf4ed7c2568d0cc520a8f",
                "sha256:8c7309c718f94b3a625cb648ace320157ad16ff131ae0af362c9f21b80ef6ec4"
            ],
            "version": "==2.6"
        },
        "ipdb": {
            "hashes": [
                "sha256:7081c65ed7bfe7737f83fa4213ca8afd9617b42ff6b3f1daf9a3419839a2a00a"
            ],
            "index": "pypi",
            "version": "==0.11"
        },
        "ipython": {
            "hashes": [
                "sha256:c4ab005921641e40a68e405e286e7a1fcc464497e14d81b6914b4fd95e5dee9b",
                "sha256:dd76831f065f17bddd7eaa5c781f5ea32de5ef217592cf019e34043b56895aa1"
            ],
            "version": "==7.8.0"
        },
        "ipython-genutils": {
            "hashes": [
                "sha256:72dd37233799e619666c9f639a9da83c34013a73e8bbc79a7a6348d93c61fab8",
                "sha256:eb2e116e75ecef9d4d228fdc66af54269afa26ab4463042e33785b887c628ba8"
            ],
            "version": "==0.2.0"
        },
        "jedi": {
            "hashes": [
                "sha256:786b6c3d80e2f06fd77162a07fed81b8baa22dde5d62896a790a331d6ac21a27",
                "sha256:ba859c74fa3c966a22f2aeebe1b74ee27e2a462f56d3f5f7ca4a59af61bfe42e"
            ],
            "version": "==0.15.1"
        },
        "mock": {
            "hashes": [
                "sha256:5ce3c71c5545b472da17b72268978914d0252980348636840bd34a00b5cc96c1",
                "sha256:b158b6df76edd239b8208d481dc46b6afd45a846b7812ff0ce58971cf5bc8bba"
            ],
            "index": "pypi",
            "version": "==2.0.0"
        },
        "more-itertools": {
            "hashes": [
                "sha256:409cd48d4db7052af495b09dec721011634af3753ae1ef92d2b32f73a745f832",
                "sha256:92b8c4b06dac4f0611c0729b2f2ede52b2e1bac1ab48f089c7ddc12e26bb60c4"
            ],
            "version": "==7.2.0"
        },
        "parso": {
            "hashes": [
                "sha256:63854233e1fadb5da97f2744b6b24346d2750b85965e7e399bec1620232797dc",
                "sha256:666b0ee4a7a1220f65d367617f2cd3ffddff3e205f3f16a0284df30e774c2a9c"
            ],
            "version": "==0.5.1"
        },
        "pbr": {
            "hashes": [
                "sha256:2c8e420cd4ed4cec4e7999ee47409e876af575d4c35a45840d59e8b5f3155ab8",
                "sha256:b32c8ccaac7b1a20c0ce00ce317642e6cf231cf038f9875e0280e28af5bf7ac9"
            ],
            "version": "==5.4.3"
        },
        "pexpect": {
            "hashes": [
                "sha256:2094eefdfcf37a1fdbfb9aa090862c1a4878e5c7e0e7e7088bdb511c558e5cd1",
                "sha256:9e2c1fd0e6ee3a49b28f95d4b33bc389c89b20af6a1255906e90ff1262ce62eb"
            ],
            "markers": "sys_platform != 'win32'",
            "version": "==4.7.0"
        },
        "pickleshare": {
            "hashes": [
                "sha256:87683d47965c1da65cdacaf31c8441d12b8044cdec9aca500cd78fc2c683afca",
                "sha256:9649af414d74d4df115d5d718f82acb59c9d418196b7b4290ed47a12ce62df56"
            ],
            "version": "==0.7.5"
        },
        "pluggy": {
            "hashes": [
                "sha256:7f8ae7f5bdf75671a718d2daf0a64b7885f74510bcd98b1a0bb420eb9a9d0cff",
                "sha256:d345c8fe681115900d6da8d048ba67c25df42973bda370783cd58826442dcd7c",
                "sha256:e160a7fcf25762bb60efc7e171d4497ff1d8d2d75a3d0df7a21b76821ecbf5c5"
            ],
            "version": "==0.6.0"
        },
        "prompt-toolkit": {
            "hashes": [
                "sha256:46642344ce457641f28fc9d1c9ca939b63dadf8df128b86f1b9860e59c73a5e4",
                "sha256:e7f8af9e3d70f514373bf41aa51bc33af12a6db3f71461ea47fea985defb2c31",
                "sha256:f15af68f66e664eaa559d4ac8a928111eebd5feda0c11738b5998045224829db"
            ],
            "version": "==2.0.10"
        },
        "ptyprocess": {
            "hashes": [
                "sha256:923f299cc5ad920c68f2bc0bc98b75b9f838b93b599941a6b63ddbc2476394c0",
                "sha256:d7cc528d76e76342423ca640335bd3633420dc1366f258cb31d05e865ef5ca1f"
            ],
            "version": "==0.6.0"
        },
        "py": {
            "hashes": [
                "sha256:64f65755aee5b381cea27766a3a147c3f15b9b6b9ac88676de66ba2ae36793fa",
                "sha256:dc639b046a6e2cff5bbe40194ad65936d6ba360b52b3c3fe1d08a82dd50b5e53"
            ],
            "version": "==1.8.0"
        },
        "pygments": {
            "hashes": [
                "sha256:71e430bc85c88a430f000ac1d9b331d2407f681d6f6aec95e8bcfbc3df5b0127",
                "sha256:881c4c157e45f30af185c1ffe8d549d48ac9127433f2c380c24b84572ad66297"
            ],
            "version": "==2.4.2"
        },
        "pytest": {
            "hashes": [
                "sha256:6266f87ab64692112e5477eba395cfedda53b1933ccd29478e671e73b420c19c",
                "sha256:fae491d1874f199537fd5872b5e1f0e74a009b979df9d53d1553fd03da1703e1"
            ],
            "index": "pypi",
            "version": "==3.5.0"
        },
        "requests": {
            "hashes": [
                "sha256:6a1b267aa90cac58ac3a765d067950e7dbbf75b1da07e895d1f594193a40a38b",
                "sha256:9c443e7324ba5b85070c4a818ade28bfabedf16ea10206da1132edaa6dda237e"
            ],
            "index": "pypi",
            "version": "==2.18.4"
        },
        "responses": {
            "hashes": [
                "sha256:c6082710f4abfb60793899ca5f21e7ceb25aabf321560cc0726f8b59006811c9",
                "sha256:f23a29dca18b815d9d64a516b4a0abb1fbdccff6141d988ad8100facb81cf7b3"
            ],
            "index": "pypi",
            "version": "==0.9.0"
        },
        "six": {
            "hashes": [
                "sha256:3350809f0555b11f552448330d0b52d5f24c91a322ea4a15ef22629740f3761c",
                "sha256:d16a0141ec1a18405cd4ce8b4613101da75da0e9a7aec5bdd4fa804d0e0eba73"
            ],
            "version": "==1.12.0"
        },
        "traitlets": {
            "hashes": [
                "sha256:70b4c6a1d9019d7b4f6846832288f86998aa3b9207c6821f3578a6a6a467fe44",
                "sha256:d023ee369ddd2763310e4c3eae1ff649689440d4ae59d7485eb4cfbbe3e359f7"
            ],
            "version": "==4.3.3"
        },
        "urllib3": {
            "hashes": [
                "sha256:06330f386d6e4b195fbfc736b297f58c5a892e4440e54d294d7004e3a9bbea1b",
                "sha256:cc44da8e1145637334317feebd728bd869a35285b93cbb4cca2577da7e62db4f"
            ],
            "version": "==1.22"
        },
        "wcwidth": {
            "hashes": [
                "sha256:3df37372226d6e63e1b1e1eda15c594bca98a22d33a23832a90998faa96bc65e",
                "sha256:f4ebe71925af7b40a864553f761ed559b43544f8f71746c2d756c7fe788ade7c"
            ],
            "version": "==0.1.7"
        }
    }
}
